
Microsoft Visual Studio Solution File, Format Version 12.00
# Visual Studio Version 17
VisualStudioVersion = 17.3.32922.545
MinimumVisualStudioVersion = 10.0.40219.1
Project("{9A19103F-16F7-4668-BE54-9A1E7A4F7556}") = "EmployeeSystem.Aplication", "EmployeeSystem.Aplication\EmployeeSystem.Aplication.csproj", "{0DD8AFAF-34EB-46ED-BA33-999E9B3EECE5}"
EndProject
Project("{9A19103F-16F7-4668-BE54-9A1E7A4F7556}") = "EmployeeSystem.Persistence", "EmployeeSystem.Persistence\EmployeeSystem.Persistence.csproj", "{BD3EF2EF-84F3-4D40-97F2-0CDF6DEAC625}"
EndProject
Project("{9A19103F-16F7-4668-BE54-9A1E7A4F7556}") = "EmployeeSystem.Domain", "EmployeeSystem.Domain\EmployeeSystem.Domain.csproj", "{E26A09AF-E469-4B6A-94B6-02C2E2F625FE}"
EndProject
Project("{FAE04EC0-301F-11D3-BF4B-00C04F79EFBC}") = "EmployeeSystem.WebAPI", "EmployeeSystem.WebAPI\EmployeeSystem.WebAPI.csproj", "{8E0F596E-8E41-4FEE-9322-D8B9D0965F8A}"
EndProject
Global
	GlobalSection(SolutionConfigurationPlatforms) = preSolution
		Debug|Any CPU = Debug|Any CPU
		Release|Any CPU = Release|Any CPU
	EndGlobalSection
	GlobalSection(ProjectConfigurationPlatforms) = postSolution
		{0DD8AFAF-34EB-46ED-BA33-999E9B3EECE5}.Debug|Any CPU.ActiveCfg = Debug|Any CPU
		{0DD8AFAF-34EB-46ED-BA33-999E9B3EECE5}.Debug|Any CPU.Build.0 = Debug|Any CPU
		{0DD8AFAF-34EB-46ED-BA33-999E9B3EECE5}.Release|Any CPU.ActiveCfg = Release|Any CPU
		{0DD8AFAF-34EB-46ED-BA33-999E9B3EECE5}.Release|Any CPU.Build.0 = Release|Any CPU
		{BD3EF2EF-84F3-4D40-97F2-0CDF6DEAC625}.Debug|Any CPU.ActiveCfg = Debug|Any CPU
		{BD3EF2EF-84F3-4D40-97F2-0CDF6DEAC625}.Debug|Any CPU.Build.0 = Debug|Any CPU
		{BD3EF2EF-84F3-4D40-97F2-0CDF6DEAC625}.Release|Any CPU.ActiveCfg = Release|Any CPU
		{BD3EF2EF-84F3-4D40-97F2-0CDF6DEAC625}.Release|Any CPU.Build.0 = Release|Any CPU
		{E26A09AF-E469-4B6A-94B6-02C2E2F625FE}.Debug|Any CPU.ActiveCfg = Debug|Any CPU
		{E26A09AF-E469-4B6A-94B6-02C2E2F625FE}.Debug|Any CPU.Build.0 = Debug|Any CPU
		{E26A09AF-E469-4B6A-94B6-02C2E2F625FE}.Release|Any CPU.ActiveCfg = Release|Any CPU
		{E26A09AF-E469-4B6A-94B6-02C2E2F625FE}.Release|Any CPU.Build.0 = Release|Any CPU
		{8E0F596E-8E41-4FEE-9322-D8B9D0965F8A}.Debug|Any CPU.ActiveCfg = Debug|Any CPU
		{8E0F596E-8E41-4FEE-9322-D8B9D0965F8A}.Debug|Any CPU.Build.0 = Debug|Any CPU
		{8E0F596E-8E41-4FEE-9322-D8B9D0965F8A}.Release|Any CPU.ActiveCfg = Release|Any CPU
		{8E0F596E-8E41-4FEE-9322-D8B9D0965F8A}.Release|Any CPU.Build.0 = Release|Any CPU
	EndGlobalSection
	GlobalSection(SolutionProperties) = preSolution
		HideSolutionNode = FALSE
	EndGlobalSection
	GlobalSection(ExtensibilityGlobals) = postSolution
		SolutionGuid = {65EA8C84-CAE0-42C4-9322-D69E65634D5C}
	EndGlobalSection
EndGlobal
